{
  "object": {
    "pins": [
      {
        "package": "Alliances",
        "repositoryURL": "https://github.com/Mechagnome/Alliances",
        "state": {
          "branch": "master",
          "revision": "dc9b5be8a4159805eac80e5c75344e404d046b61",
          "version": null
        }
      }
    ]
  },
  "version": 1
}
