{
  "object": {
    "pins": [
      {
        "package": "Alliances",
        "repositoryURL": "https://github.com/Mechagnome/Alliances",
        "state": {
          "branch": "master",
          "revision": "54159df0895150146f94b711e51c2d0eea0ebd4a",
          "version": null
        }
      },
      {
        "package": "BaseUI",
        "repositoryURL": "https://github.com/Mechagnome/BaseUI",
        "state": {
          "branch": "master",
          "revision": "4f553788deda9ad77089ec56169b27bc5d318244",
          "version": null
        }
      },
      {
        "package": "Files",
        "repositoryURL": "https://github.com/JohnSundell/Files",
        "state": {
          "branch": null,
          "revision": "d273b5b7025d386feef79ef6bad7de762e106eaf",
          "version": "4.2.0"
        }
      },
      {
        "package": "Lancer",
        "repositoryURL": "https://github.com/Mechagnome/Lancer",
        "state": {
          "branch": "master",
          "revision": "5a985bd7a3a49b4dac32002b86ff2db998e93964",
          "version": null
        }
      },
      {
        "package": "ModularizationHelper",
        "repositoryURL": "https://github.com/Mechagnome/ModularizationHelper.git",
        "state": {
          "branch": "master",
          "revision": "61ce3885cd85375bb27455cada5461af6d210550",
          "version": null
        }
      },
      {
        "package": "SourceKitten",
        "repositoryURL": "https://github.com/jpsim/SourceKitten",
        "state": {
          "branch": null,
          "revision": "558628392eb31d37cb251cfe626c53eafd330df6",
          "version": "0.31.1"
        }
      },
      {
        "package": "Stem",
        "repositoryURL": "https://github.com/linhay/Stem.git",
        "state": {
          "branch": "master",
          "revision": "f21c8a2e2921eff0dae96f0b815c8a240933ec0f",
          "version": null
        }
      },
      {
        "package": "Stenographer",
        "repositoryURL": "https://github.com/Mechagnome/Stenographer.git",
        "state": {
          "branch": "master",
          "revision": "c755d88f06ead7aa245efb3466c1709ae199f019",
          "version": null
        }
      },
      {
        "package": "swift-argument-parser",
        "repositoryURL": "https://github.com/apple/swift-argument-parser.git",
        "state": {
          "branch": null,
          "revision": "d2930e8fcf9c33162b9fcc1d522bc975e2d4179b",
          "version": "1.0.1"
        }
      },
      {
        "package": "SwiftShell",
        "repositoryURL": "https://github.com/kareman/SwiftShell",
        "state": {
          "branch": null,
          "revision": "99680b2efc7c7dbcace1da0b3979d266f02e213c",
          "version": "5.1.0"
        }
      },
      {
        "package": "SwiftyJSON",
        "repositoryURL": "https://github.com/SwiftyJSON/SwiftyJSON",
        "state": {
          "branch": null,
          "revision": "b3dcd7dbd0d488e1a7077cb33b00f2083e382f07",
          "version": "5.0.1"
        }
      },
      {
        "package": "SWXMLHash",
        "repositoryURL": "https://github.com/drmohundro/SWXMLHash.git",
        "state": {
          "branch": null,
          "revision": "9183170d20857753d4f331b0ca63f73c60764bf3",
          "version": "5.0.2"
        }
      },
      {
        "package": "Yams",
        "repositoryURL": "https://github.com/jpsim/Yams.git",
        "state": {
          "branch": null,
          "revision": "9ff1cc9327586db4e0c8f46f064b6a82ec1566fa",
          "version": "4.0.6"
        }
      }
    ]
  },
  "version": 1
}
