{
  "object": {
    "pins": [
      {
        "package": "Alliances",
        "repositoryURL": "https://github.com/Mechagnome/Alliances",
        "state": {
          "branch": "master",
          "revision": "d0a8567727a8d87062aa9b1877167aee55891e68",
          "version": null
        }
      }
    ]
  },
  "version": 1
}
