// !$*UTF8*$!
{
	archiveVersion = 1;
	classes = {
	};
	objectVersion = 55;
	objects = {

/* Begin PBXBuildFile section */
		CD14BF3E271EB7A3006141A1 /* Stem in Frameworks */ = {isa = PBXBuildFile; productRef = CD14BF3D271EB7A3006141A1 /* Stem */; };
		CD14BF40271EB847006141A1 /* UserApp.swift in Sources */ = {isa = PBXBuildFile; fileRef = CD14BF3F271EB847006141A1 /* UserApp.swift */; };
		CD14BF42271EB867006141A1 /* PinApp.swift in Sources */ = {isa = PBXBuildFile; fileRef = CD14BF41271EB867006141A1 /* PinApp.swift */; };
		CD14BF44271ECC97006141A1 /* AlliancesConfiguration+EX.swift in Sources */ = {isa = PBXBuildFile; fileRef = CD14BF43271ECC97006141A1 /* AlliancesConfiguration+EX.swift */; };
		CD14BF46271ED29A006141A1 /* StatusCell.swift in Sources */ = {isa = PBXBuildFile; fileRef = CD14BF45271ED29A006141A1 /* StatusCell.swift */; };
		CD5C08B4272026CD000E0305 /* RoundedCorners.swift in Sources */ = {isa = PBXBuildFile; fileRef = CD5C08B3272026CD000E0305 /* RoundedCorners.swift */; };
		CD5C08B62721035B000E0305 /* StatusPreferencesView.swift in Sources */ = {isa = PBXBuildFile; fileRef = CD5C08B52721035B000E0305 /* StatusPreferencesView.swift */; };
		CDEFFC82271D87470031E240 /* StatusView.swift in Sources */ = {isa = PBXBuildFile; fileRef = CDEFFC81271D87470031E240 /* StatusView.swift */; };
		CDEFFC84271D874A0031E240 /* Assets.xcassets in Resources */ = {isa = PBXBuildFile; fileRef = CDEFFC83271D874A0031E240 /* Assets.xcassets */; };
		CDEFFC87271D874A0031E240 /* Preview Assets.xcassets in Resources */ = {isa = PBXBuildFile; fileRef = CDEFFC86271D874A0031E240 /* Preview Assets.xcassets */; };
		CDEFFC8F271D88930031E240 /* AppDelegate.swift in Sources */ = {isa = PBXBuildFile; fileRef = CDEFFC8E271D88930031E240 /* AppDelegate.swift */; };
		CDEFFC91271D8C3E0031E240 /* App.swift in Sources */ = {isa = PBXBuildFile; fileRef = CDEFFC90271D8C3E0031E240 /* App.swift */; };
		CDEFFC94271D94450031E240 /* Alliances in Frameworks */ = {isa = PBXBuildFile; productRef = CDEFFC93271D94450031E240 /* Alliances */; };
		CDEFFC96271E9D1F0031E240 /* AlliancesManager.swift in Sources */ = {isa = PBXBuildFile; fileRef = CDEFFC95271E9D1F0031E240 /* AlliancesManager.swift */; };
/* End PBXBuildFile section */

/* Begin PBXFileReference section */
		CD14BF3F271EB847006141A1 /* UserApp.swift */ = {isa = PBXFileReference; lastKnownFileType = sourcecode.swift; path = UserApp.swift; sourceTree = "<group>"; };
		CD14BF41271EB867006141A1 /* PinApp.swift */ = {isa = PBXFileReference; lastKnownFileType = sourcecode.swift; path = PinApp.swift; sourceTree = "<group>"; };
		CD14BF43271ECC97006141A1 /* AlliancesConfiguration+EX.swift */ = {isa = PBXFileReference; lastKnownFileType = sourcecode.swift; path = "AlliancesConfiguration+EX.swift"; sourceTree = "<group>"; };
		CD14BF45271ED29A006141A1 /* StatusCell.swift */ = {isa = PBXFileReference; lastKnownFileType = sourcecode.swift; path = StatusCell.swift; sourceTree = "<group>"; };
		CD5C08B3272026CD000E0305 /* RoundedCorners.swift */ = {isa = PBXFileReference; lastKnownFileType = sourcecode.swift; path = RoundedCorners.swift; sourceTree = "<group>"; };
		CD5C08B52721035B000E0305 /* StatusPreferencesView.swift */ = {isa = PBXFileReference; lastKnownFileType = sourcecode.swift; path = StatusPreferencesView.swift; sourceTree = "<group>"; };
		CD5C08B827210C7C000E0305 /* Info.plist */ = {isa = PBXFileReference; lastKnownFileType = text.plist; path = Info.plist; sourceTree = "<group>"; };
		CDEFFC7C271D87470031E240 /* Axe.app */ = {isa = PBXFileReference; explicitFileType = wrapper.application; includeInIndex = 0; path = Axe.app; sourceTree = BUILT_PRODUCTS_DIR; };
		CDEFFC81271D87470031E240 /* StatusView.swift */ = {isa = PBXFileReference; lastKnownFileType = sourcecode.swift; path = StatusView.swift; sourceTree = "<group>"; };
		CDEFFC83271D874A0031E240 /* Assets.xcassets */ = {isa = PBXFileReference; lastKnownFileType = folder.assetcatalog; path = Assets.xcassets; sourceTree = "<group>"; };
		CDEFFC86271D874A0031E240 /* Preview Assets.xcassets */ = {isa = PBXFileReference; lastKnownFileType = folder.assetcatalog; path = "Preview Assets.xcassets"; sourceTree = "<group>"; };
		CDEFFC88271D874A0031E240 /* Axe.entitlements */ = {isa = PBXFileReference; lastKnownFileType = text.plist.entitlements; path = Axe.entitlements; sourceTree = "<group>"; };
		CDEFFC8E271D88930031E240 /* AppDelegate.swift */ = {isa = PBXFileReference; lastKnownFileType = sourcecode.swift; path = AppDelegate.swift; sourceTree = "<group>"; };
		CDEFFC90271D8C3E0031E240 /* App.swift */ = {isa = PBXFileReference; lastKnownFileType = sourcecode.swift; path = App.swift; sourceTree = "<group>"; };
		CDEFFC95271E9D1F0031E240 /* AlliancesManager.swift */ = {isa = PBXFileReference; lastKnownFileType = sourcecode.swift; path = AlliancesManager.swift; sourceTree = "<group>"; };
/* End PBXFileReference section */

/* Begin PBXFrameworksBuildPhase section */
		CDEFFC79271D87470031E240 /* Frameworks */ = {
			isa = PBXFrameworksBuildPhase;
			buildActionMask = 2147483647;
			files = (
				CDEFFC94271D94450031E240 /* Alliances in Frameworks */,
				CD14BF3E271EB7A3006141A1 /* Stem in Frameworks */,
			);
			runOnlyForDeploymentPostprocessing = 0;
		};
/* End PBXFrameworksBuildPhase section */

/* Begin PBXGroup section */
		CD5C08B727210365000E0305 /* Status */ = {
			isa = PBXGroup;
			children = (
				CDEFFC81271D87470031E240 /* StatusView.swift */,
				CD14BF45271ED29A006141A1 /* StatusCell.swift */,
				CD5C08B52721035B000E0305 /* StatusPreferencesView.swift */,
			);
			path = Status;
			sourceTree = "<group>";
		};
		CDEFFC73271D87470031E240 = {
			isa = PBXGroup;
			children = (
				CDEFFC7E271D87470031E240 /* Axe */,
				CDEFFC7D271D87470031E240 /* Products */,
			);
			sourceTree = "<group>";
		};
		CDEFFC7D271D87470031E240 /* Products */ = {
			isa = PBXGroup;
			children = (
				CDEFFC7C271D87470031E240 /* Axe.app */,
			);
			name = Products;
			sourceTree = "<group>";
		};
		CDEFFC7E271D87470031E240 /* Axe */ = {
			isa = PBXGroup;
			children = (
				CD5C08B827210C7C000E0305 /* Info.plist */,
				CD5C08B727210365000E0305 /* Status */,
				CD5C08B3272026CD000E0305 /* RoundedCorners.swift */,
				CDEFFC83271D874A0031E240 /* Assets.xcassets */,
				CDEFFC88271D874A0031E240 /* Axe.entitlements */,
				CDEFFC85271D874A0031E240 /* Preview Content */,
				CDEFFC8E271D88930031E240 /* AppDelegate.swift */,
				CDEFFC95271E9D1F0031E240 /* AlliancesManager.swift */,
				CD14BF3F271EB847006141A1 /* UserApp.swift */,
				CDEFFC90271D8C3E0031E240 /* App.swift */,
				CD14BF41271EB867006141A1 /* PinApp.swift */,
				CD14BF43271ECC97006141A1 /* AlliancesConfiguration+EX.swift */,
			);
			path = Axe;
			sourceTree = "<group>";
		};
		CDEFFC85271D874A0031E240 /* Preview Content */ = {
			isa = PBXGroup;
			children = (
				CDEFFC86271D874A0031E240 /* Preview Assets.xcassets */,
			);
			path = "Preview Content";
			sourceTree = "<group>";
		};
/* End PBXGroup section */

/* Begin PBXNativeTarget section */
		CDEFFC7B271D87470031E240 /* Axe */ = {
			isa = PBXNativeTarget;
			buildConfigurationList = CDEFFC8B271D874A0031E240 /* Build configuration list for PBXNativeTarget "Axe" */;
			buildPhases = (
				CDEFFC78271D87470031E240 /* Sources */,
				CDEFFC79271D87470031E240 /* Frameworks */,
				CDEFFC7A271D87470031E240 /* Resources */,
			);
			buildRules = (
			);
			dependencies = (
			);
			name = Axe;
			packageProductDependencies = (
				CDEFFC93271D94450031E240 /* Alliances */,
				CD14BF3D271EB7A3006141A1 /* Stem */,
			);
			productName = Axe;
			productReference = CDEFFC7C271D87470031E240 /* Axe.app */;
			productType = "com.apple.product-type.application";
		};
/* End PBXNativeTarget section */

/* Begin PBXProject section */
		CDEFFC74271D87470031E240 /* Project object */ = {
			isa = PBXProject;
			attributes = {
				BuildIndependentTargetsInParallel = 1;
				LastSwiftUpdateCheck = 1300;
				LastUpgradeCheck = 1300;
				TargetAttributes = {
					CDEFFC7B271D87470031E240 = {
						CreatedOnToolsVersion = 13.0;
					};
				};
			};
			buildConfigurationList = CDEFFC77271D87470031E240 /* Build configuration list for PBXProject "Axe" */;
			compatibilityVersion = "Xcode 13.0";
			developmentRegion = en;
			hasScannedForEncodings = 0;
			knownRegions = (
				en,
				Base,
			);
			mainGroup = CDEFFC73271D87470031E240;
			packageReferences = (
				CDEFFC92271D94450031E240 /* XCRemoteSwiftPackageReference "Alliances" */,
				CD14BF3C271EB7A3006141A1 /* XCRemoteSwiftPackageReference "Stem" */,
			);
			productRefGroup = CDEFFC7D271D87470031E240 /* Products */;
			projectDirPath = "";
			projectRoot = "";
			targets = (
				CDEFFC7B271D87470031E240 /* Axe */,
			);
		};
/* End PBXProject section */

/* Begin PBXResourcesBuildPhase section */
		CDEFFC7A271D87470031E240 /* Resources */ = {
			isa = PBXResourcesBuildPhase;
			buildActionMask = 2147483647;
			files = (
				CDEFFC87271D874A0031E240 /* Preview Assets.xcassets in Resources */,
				CDEFFC84271D874A0031E240 /* Assets.xcassets in Resources */,
			);
			runOnlyForDeploymentPostprocessing = 0;
		};
/* End PBXResourcesBuildPhase section */

/* Begin PBXSourcesBuildPhase section */
		CDEFFC78271D87470031E240 /* Sources */ = {
			isa = PBXSourcesBuildPhase;
			buildActionMask = 2147483647;
			files = (
				CDEFFC96271E9D1F0031E240 /* AlliancesManager.swift in Sources */,
				CD14BF40271EB847006141A1 /* UserApp.swift in Sources */,
				CDEFFC91271D8C3E0031E240 /* App.swift in Sources */,
				CD5C08B62721035B000E0305 /* StatusPreferencesView.swift in Sources */,
				CDEFFC8F271D88930031E240 /* AppDelegate.swift in Sources */,
				CDEFFC82271D87470031E240 /* StatusView.swift in Sources */,
				CD14BF44271ECC97006141A1 /* AlliancesConfiguration+EX.swift in Sources */,
				CD14BF42271EB867006141A1 /* PinApp.swift in Sources */,
				CD5C08B4272026CD000E0305 /* RoundedCorners.swift in Sources */,
				CD14BF46271ED29A006141A1 /* StatusCell.swift in Sources */,
			);
			runOnlyForDeploymentPostprocessing = 0;
		};
/* End PBXSourcesBuildPhase section */

/* Begin XCBuildConfiguration section */
		CDEFFC89271D874A0031E240 /* Debug */ = {
			isa = XCBuildConfiguration;
			buildSettings = {
				ALWAYS_SEARCH_USER_PATHS = NO;
				CLANG_ANALYZER_NONNULL = YES;
				CLANG_ANALYZER_NUMBER_OBJECT_CONVERSION = YES_AGGRESSIVE;
				CLANG_CXX_LANGUAGE_STANDARD = "gnu++17";
				CLANG_CXX_LIBRARY = "libc++";
				CLANG_ENABLE_MODULES = YES;
				CLANG_ENABLE_OBJC_ARC = YES;
				CLANG_ENABLE_OBJC_WEAK = YES;
				CLANG_WARN_BLOCK_CAPTURE_AUTORELEASING = YES;
				CLANG_WARN_BOOL_CONVERSION = YES;
				CLANG_WARN_COMMA = YES;
				CLANG_WARN_CONSTANT_CONVERSION = YES;
				CLANG_WARN_DEPRECATED_OBJC_IMPLEMENTATIONS = YES;
				CLANG_WARN_DIRECT_OBJC_ISA_USAGE = YES_ERROR;
				CLANG_WARN_DOCUMENTATION_COMMENTS = YES;
				CLANG_WARN_EMPTY_BODY = YES;
				CLANG_WARN_ENUM_CONVERSION = YES;
				CLANG_WARN_INFINITE_RECURSION = YES;
				CLANG_WARN_INT_CONVERSION = YES;
				CLANG_WARN_NON_LITERAL_NULL_CONVERSION = YES;
				CLANG_WARN_OBJC_IMPLICIT_RETAIN_SELF = YES;
				CLANG_WARN_OBJC_LITERAL_CONVERSION = YES;
				CLANG_WARN_OBJC_ROOT_CLASS = YES_ERROR;
				CLANG_WARN_QUOTED_INCLUDE_IN_FRAMEWORK_HEADER = YES;
				CLANG_WARN_RANGE_LOOP_ANALYSIS = YES;
				CLANG_WARN_STRICT_PROTOTYPES = YES;
				CLANG_WARN_SUSPICIOUS_MOVE = YES;
				CLANG_WARN_UNGUARDED_AVAILABILITY = YES_AGGRESSIVE;
				CLANG_WARN_UNREACHABLE_CODE = YES;
				CLANG_WARN__DUPLICATE_METHOD_MATCH = YES;
				COPY_PHASE_STRIP = NO;
				DEBUG_INFORMATION_FORMAT = dwarf;
				ENABLE_STRICT_OBJC_MSGSEND = YES;
				ENABLE_TESTABILITY = YES;
				GCC_C_LANGUAGE_STANDARD = gnu11;
				GCC_DYNAMIC_NO_PIC = NO;
				GCC_NO_COMMON_BLOCKS = YES;
				GCC_OPTIMIZATION_LEVEL = 0;
				GCC_PREPROCESSOR_DEFINITIONS = (
					"DEBUG=1",
					"$(inherited)",
				);
				GCC_WARN_64_TO_32_BIT_CONVERSION = YES;
				GCC_WARN_ABOUT_RETURN_TYPE = YES_ERROR;
				GCC_WARN_UNDECLARED_SELECTOR = YES;
				GCC_WARN_UNINITIALIZED_AUTOS = YES_AGGRESSIVE;
				GCC_WARN_UNUSED_FUNCTION = YES;
				GCC_WARN_UNUSED_VARIABLE = YES;
				MACOSX_DEPLOYMENT_TARGET = 11.3;
				MTL_ENABLE_DEBUG_INFO = INCLUDE_SOURCE;
				MTL_FAST_MATH = YES;
				ONLY_ACTIVE_ARCH = YES;
				SDKROOT = macosx;
				SWIFT_ACTIVE_COMPILATION_CONDITIONS = DEBUG;
				SWIFT_OPTIMIZATION_LEVEL = "-Onone";
			};
			name = Debug;
		};
		CDEFFC8A271D874A0031E240 /* Release */ = {
			isa = XCBuildConfiguration;
			buildSettings = {
				ALWAYS_SEARCH_USER_PATHS = NO;
				CLANG_ANALYZER_NONNULL = YES;
				CLANG_ANALYZER_NUMBER_OBJECT_CONVERSION = YES_AGGRESSIVE;
				CLANG_CXX_LANGUAGE_STANDARD = "gnu++17";
				CLANG_CXX_LIBRARY = "libc++";
				CLANG_ENABLE_MODULES = YES;
				CLANG_ENABLE_OBJC_ARC = YES;
				CLANG_ENABLE_OBJC_WEAK = YES;
				CLANG_WARN_BLOCK_CAPTURE_AUTORELEASING = YES;
				CLANG_WARN_BOOL_CONVERSION = YES;
				CLANG_WARN_COMMA = YES;
				CLANG_WARN_CONSTANT_CONVERSION = YES;
				CLANG_WARN_DEPRECATED_OBJC_IMPLEMENTATIONS = YES;
				CLANG_WARN_DIRECT_OBJC_ISA_USAGE = YES_ERROR;
				CLANG_WARN_DOCUMENTATION_COMMENTS = YES;
				CLANG_WARN_EMPTY_BODY = YES;
				CLANG_WARN_ENUM_CONVERSION = YES;
				CLANG_WARN_INFINITE_RECURSION = YES;
				CLANG_WARN_INT_CONVERSION = YES;
				CLANG_WARN_NON_LITERAL_NULL_CONVERSION = YES;
				CLANG_WARN_OBJC_IMPLICIT_RETAIN_SELF = YES;
				CLANG_WARN_OBJC_LITERAL_CONVERSION = YES;
				CLANG_WARN_OBJC_ROOT_CLASS = YES_ERROR;
				CLANG_WARN_QUOTED_INCLUDE_IN_FRAMEWORK_HEADER = YES;
				CLANG_WARN_RANGE_LOOP_ANALYSIS = YES;
				CLANG_WARN_STRICT_PROTOTYPES = YES;
				CLANG_WARN_SUSPICIOUS_MOVE = YES;
				CLANG_WARN_UNGUARDED_AVAILABILITY = YES_AGGRESSIVE;
				CLANG_WARN_UNREACHABLE_CODE = YES;
				CLANG_WARN__DUPLICATE_METHOD_MATCH = YES;
				COPY_PHASE_STRIP = NO;
				DEBUG_INFORMATION_FORMAT = "dwarf-with-dsym";
				ENABLE_NS_ASSERTIONS = NO;
				ENABLE_STRICT_OBJC_MSGSEND = YES;
				GCC_C_LANGUAGE_STANDARD = gnu11;
				GCC_NO_COMMON_BLOCKS = YES;
				GCC_WARN_64_TO_32_BIT_CONVERSION = YES;
				GCC_WARN_ABOUT_RETURN_TYPE = YES_ERROR;
				GCC_WARN_UNDECLARED_SELECTOR = YES;
				GCC_WARN_UNINITIALIZED_AUTOS = YES_AGGRESSIVE;
				GCC_WARN_UNUSED_FUNCTION = YES;
				GCC_WARN_UNUSED_VARIABLE = YES;
				MACOSX_DEPLOYMENT_TARGET = 11.3;
				MTL_ENABLE_DEBUG_INFO = NO;
				MTL_FAST_MATH = YES;
				SDKROOT = macosx;
				SWIFT_COMPILATION_MODE = wholemodule;
				SWIFT_OPTIMIZATION_LEVEL = "-O";
			};
			name = Release;
		};
		CDEFFC8C271D874A0031E240 /* Debug */ = {
			isa = XCBuildConfiguration;
			buildSettings = {
				ASSETCATALOG_COMPILER_APPICON_NAME = AppIcon;
				ASSETCATALOG_COMPILER_GLOBAL_ACCENT_COLOR_NAME = AccentColor;
				CODE_SIGN_ENTITLEMENTS = Axe/Axe.entitlements;
				CODE_SIGN_STYLE = Automatic;
				COMBINE_HIDPI_IMAGES = YES;
				CURRENT_PROJECT_VERSION = 1;
				DEVELOPMENT_ASSET_PATHS = "\"Axe/Preview Content\"";
				DEVELOPMENT_TEAM = Q5CT3J7RAS;
				ENABLE_HARDENED_RUNTIME = YES;
				ENABLE_PREVIEWS = YES;
				GENERATE_INFOPLIST_FILE = YES;
				INFOPLIST_FILE = Axe/Info.plist;
				INFOPLIST_KEY_NSHumanReadableCopyright = "";
				LD_RUNPATH_SEARCH_PATHS = (
					"$(inherited)",
					"@executable_path/../Frameworks",
				);
				MACOSX_DEPLOYMENT_TARGET = 11.0;
				MARKETING_VERSION = 1.0;
				PRODUCT_BUNDLE_IDENTIFIER = axe.mechagnome.com.Axe;
				PRODUCT_NAME = "$(TARGET_NAME)";
				SWIFT_EMIT_LOC_STRINGS = YES;
				SWIFT_VERSION = 5.0;
			};
			name = Debug;
		};
		CDEFFC8D271D874A0031E240 /* Release */ = {
			isa = XCBuildConfiguration;
			buildSettings = {
				ASSETCATALOG_COMPILER_APPICON_NAME = AppIcon;
				ASSETCATALOG_COMPILER_GLOBAL_ACCENT_COLOR_NAME = AccentColor;
				CODE_SIGN_ENTITLEMENTS = Axe/Axe.entitlements;
				CODE_SIGN_STYLE = Automatic;
				COMBINE_HIDPI_IMAGES = YES;
				CURRENT_PROJECT_VERSION = 1;
				DEVELOPMENT_ASSET_PATHS = "\"Axe/Preview Content\"";
				DEVELOPMENT_TEAM = Q5CT3J7RAS;
				ENABLE_HARDENED_RUNTIME = YES;
				ENABLE_PREVIEWS = YES;
				GENERATE_INFOPLIST_FILE = YES;
				INFOPLIST_FILE = Axe/Info.plist;
				INFOPLIST_KEY_NSHumanReadableCopyright = "";
				LD_RUNPATH_SEARCH_PATHS = (
					"$(inherited)",
					"@executable_path/../Frameworks",
				);
				MACOSX_DEPLOYMENT_TARGET = 11.0;
				MARKETING_VERSION = 1.0;
				PRODUCT_BUNDLE_IDENTIFIER = axe.mechagnome.com.Axe;
				PRODUCT_NAME = "$(TARGET_NAME)";
				SWIFT_EMIT_LOC_STRINGS = YES;
				SWIFT_VERSION = 5.0;
			};
			name = Release;
		};
/* End XCBuildConfiguration section */

/* Begin XCConfigurationList section */
		CDEFFC77271D87470031E240 /* Build configuration list for PBXProject "Axe" */ = {
			isa = XCConfigurationList;
			buildConfigurations = (
				CDEFFC89271D874A0031E240 /* Debug */,
				CDEFFC8A271D874A0031E240 /* Release */,
			);
			defaultConfigurationIsVisible = 0;
			defaultConfigurationName = Release;
		};
		CDEFFC8B271D874A0031E240 /* Build configuration list for PBXNativeTarget "Axe" */ = {
			isa = XCConfigurationList;
			buildConfigurations = (
				CDEFFC8C271D874A0031E240 /* Debug */,
				CDEFFC8D271D874A0031E240 /* Release */,
			);
			defaultConfigurationIsVisible = 0;
			defaultConfigurationName = Release;
		};
/* End XCConfigurationList section */

/* Begin XCRemoteSwiftPackageReference section */
		CD14BF3C271EB7A3006141A1 /* XCRemoteSwiftPackageReference "Stem" */ = {
			isa = XCRemoteSwiftPackageReference;
			repositoryURL = "https://github.com/linhay/Stem.git";
			requirement = {
				branch = master;
				kind = branch;
			};
		};
		CDEFFC92271D94450031E240 /* XCRemoteSwiftPackageReference "Alliances" */ = {
			isa = XCRemoteSwiftPackageReference;
			repositoryURL = "https://github.com/Mechagnome/Alliances";
			requirement = {
				branch = master;
				kind = branch;
			};
		};
/* End XCRemoteSwiftPackageReference section */

/* Begin XCSwiftPackageProductDependency section */
		CD14BF3D271EB7A3006141A1 /* Stem */ = {
			isa = XCSwiftPackageProductDependency;
			package = CD14BF3C271EB7A3006141A1 /* XCRemoteSwiftPackageReference "Stem" */;
			productName = Stem;
		};
		CDEFFC93271D94450031E240 /* Alliances */ = {
			isa = XCSwiftPackageProductDependency;
			package = CDEFFC92271D94450031E240 /* XCRemoteSwiftPackageReference "Alliances" */;
			productName = Alliances;
		};
/* End XCSwiftPackageProductDependency section */
	};
	rootObject = CDEFFC74271D87470031E240 /* Project object */;
}
